{
  "version": 4,
  "terraform_version": "1.5.4",
  "serial": 17,
  "lineage": "e1e78846-d4eb-827a-86e5-b64d29f76f10",
  "outputs": {
    "temp_rg": {
      "value": "temp-rg-agent-automation-prod",
      "type": "string"
    }
  },
  "resources": [
    {
      "mode": "data",
      "type": "azurerm_client_config",
      "name": "current",
      "provider": "provider[\"registry.terraform.io/hashicorp/azurerm\"]",
      "instances": [
        {
          "schema_version": 0,
          "attributes": {
            "client_id": "9aeb467e-73d6-44dd-af4f-f4351ea20cf7",
            "id": "Y2xpZW50Q29uZmlncy9jbGllbnRJZD05YWViNDY3ZS03M2Q2LTQ0ZGQtYWY0Zi1mNDM1MWVhMjBjZjc7b2JqZWN0SWQ9MDEyMjU0ZGUtN2JiOC00ZDM3LWEzOTYtMTUwNTU3OGFiNzc4O3N1YnNjcmlwdGlvbklkPTczZjE3MzBiLTAwN2UtNGRhNS05MTlhLTU0NTAwY2Q1NzJhOTt0ZW5hbnRJZD00NWNiMzhmMi1lZGU1LTQ2MWQtYTQxYy1lMGMxMTgyNDMyNjM=",
            "object_id": "012254de-7bb8-4d37-a396-1505578ab778",
            "subscription_id": "73f1730b-007e-4da5-919a-54500cd572a9",
            "tenant_id": "45cb38f2-ede5-461d-a41c-e0c118243263",
            "timeouts": null
          },
          "sensitive_attributes": []
        }
      ]
    },
    {
      "mode": "data",
      "type": "azurerm_image",
      "name": "image",
      "provider": "provider[\"registry.terraform.io/hashicorp/azurerm\"]",
      "instances": [
        {
          "schema_version": 0,
          "attributes": {
            "data_disk": [],
            "id": "/subscriptions/73f1730b-007e-4da5-919a-54500cd572a9/resourceGroups/rg-agent-automation-prod/providers/Microsoft.Compute/images/ubuntu2204-agent-poll",
            "location": "westeurope",
            "name": "ubuntu2204-agent-poll",
            "name_regex": null,
            "os_disk": [
              {
                "blob_uri": "",
                "caching": "ReadWrite",
                "managed_disk_id": "/subscriptions/73f1730b-007e-4da5-919a-54500cd572a9/resourceGroups/temp-rg-agent-automation-prod/providers/Microsoft.Compute/disks/pkros3jfyhepa2q",
                "os_state": "Generalized",
                "os_type": "Linux",
                "size_gb": 86
              }
            ],
            "resource_group_name": "rg-agent-automation-prod",
            "sort_descending": false,
            "tags": {},
            "timeouts": null,
            "zone_resilient": false
          },
          "sensitive_attributes": []
        }
      ]
    },
    {
      "mode": "managed",
      "type": "azurerm_resource_group",
      "name": "automation_resource_group",
      "provider": "provider[\"registry.terraform.io/hashicorp/azurerm\"]",
      "instances": [
        {
          "schema_version": 0,
          "attributes": {
            "id": "/subscriptions/73f1730b-007e-4da5-919a-54500cd572a9/resourceGroups/rg-agent-automation-prod",
            "location": "westeurope",
            "managed_by": "",
            "name": "rg-agent-automation-prod",
            "tags": {},
            "timeouts": null
          },
          "sensitive_attributes": [],
          "private": "eyJlMmJmYjczMC1lY2FhLTExZTYtOGY4OC0zNDM2M2JjN2M0YzAiOnsiY3JlYXRlIjo1NDAwMDAwMDAwMDAwLCJkZWxldGUiOjU0MDAwMDAwMDAwMDAsInJlYWQiOjMwMDAwMDAwMDAwMCwidXBkYXRlIjo1NDAwMDAwMDAwMDAwfX0="
        }
      ]
    },
    {
      "mode": "managed",
      "type": "azurerm_shared_image",
      "name": "image",
      "provider": "provider[\"registry.terraform.io/hashicorp/azurerm\"]",
      "instances": [
        {
          "schema_version": 0,
          "attributes": {
            "accelerated_network_support_enabled": false,
            "architecture": "x64",
            "confidential_vm_enabled": false,
            "confidential_vm_supported": false,
            "description": "",
            "disk_types_not_allowed": [],
            "end_of_life_date": null,
            "eula": "",
            "gallery_name": "gal_agent_prod",
            "hyper_v_generation": "V1",
            "id": "/subscriptions/73f1730b-007e-4da5-919a-54500cd572a9/resourceGroups/rg-agent-automation-prod/providers/Microsoft.Compute/galleries/gal_agent_prod/images/ubuntu2204-agent-poll",
            "identifier": [
              {
                "offer": "AgentPool",
                "publisher": "Azureway",
                "sku": "Free"
              }
            ],
            "location": "westeurope",
            "max_recommended_memory_in_gb": 0,
            "max_recommended_vcpu_count": 0,
            "min_recommended_memory_in_gb": 0,
            "min_recommended_vcpu_count": 0,
            "name": "ubuntu2204-agent-poll",
            "os_type": "Linux",
            "privacy_statement_uri": "",
            "purchase_plan": [],
            "release_note_uri": "",
            "resource_group_name": "rg-agent-automation-prod",
            "specialized": false,
            "tags": {},
            "timeouts": null,
            "trusted_launch_enabled": false
          },
          "sensitive_attributes": [],
          "private": "eyJlMmJmYjczMC1lY2FhLTExZTYtOGY4OC0zNDM2M2JjN2M0YzAiOnsiY3JlYXRlIjoxODAwMDAwMDAwMDAwLCJkZWxldGUiOjE4MDAwMDAwMDAwMDAsInJlYWQiOjMwMDAwMDAwMDAwMCwidXBkYXRlIjoxODAwMDAwMDAwMDAwfX0=",
          "dependencies": [
            "azurerm_resource_group.automation_resource_group",
            "azurerm_shared_image_gallery.imageGallery"
          ]
        }
      ]
    },
    {
      "mode": "managed",
      "type": "azurerm_shared_image_gallery",
      "name": "imageGallery",
      "provider": "provider[\"registry.terraform.io/hashicorp/azurerm\"]",
      "instances": [
        {
          "schema_version": 0,
          "attributes": {
            "description": "",
            "id": "/subscriptions/73f1730b-007e-4da5-919a-54500cd572a9/resourceGroups/rg-agent-automation-prod/providers/Microsoft.Compute/galleries/gal_agent_prod",
            "location": "westeurope",
            "name": "gal_agent_prod",
            "resource_group_name": "rg-agent-automation-prod",
            "sharing": [],
            "tags": {},
            "timeouts": null,
            "unique_name": "73f1730b-007e-4da5-919a-54500cd572a9-GAL_AGENT_PROD"
          },
          "sensitive_attributes": [],
          "private": "eyJlMmJmYjczMC1lY2FhLTExZTYtOGY4OC0zNDM2M2JjN2M0YzAiOnsiY3JlYXRlIjoxODAwMDAwMDAwMDAwLCJkZWxldGUiOjE4MDAwMDAwMDAwMDAsInJlYWQiOjMwMDAwMDAwMDAwMCwidXBkYXRlIjoxODAwMDAwMDAwMDAwfX0=",
          "dependencies": [
            "azurerm_resource_group.automation_resource_group"
          ]
        }
      ]
    },
    {
      "mode": "managed",
      "type": "azurerm_shared_image_version",
      "name": "example",
      "provider": "provider[\"registry.terraform.io/hashicorp/azurerm\"]",
      "instances": [
        {
          "schema_version": 0,
          "attributes": {
            "blob_uri": "",
            "deletion_of_replicated_locations_enabled": false,
            "end_of_life_date": null,
            "exclude_from_latest": false,
            "gallery_name": "gal_agent_prod",
            "id": "/subscriptions/73f1730b-007e-4da5-919a-54500cd572a9/resourceGroups/rg-agent-automation-prod/providers/Microsoft.Compute/galleries/gal_agent_prod/images/ubuntu2204-agent-poll/versions/0.0.1",
            "image_name": "ubuntu2204-agent-poll",
            "location": "westeurope",
            "managed_image_id": "/subscriptions/73f1730b-007e-4da5-919a-54500cd572a9/resourceGroups/rg-agent-automation-prod/providers/Microsoft.Compute/images/ubuntu2204-agent-poll",
            "name": "0.0.1",
            "os_disk_snapshot_id": "",
            "replication_mode": "Full",
            "resource_group_name": "rg-agent-automation-prod",
            "storage_account_id": "",
            "tags": {},
            "target_region": [
              {
                "disk_encryption_set_id": "",
                "exclude_from_latest_enabled": false,
                "name": "westeurope",
                "regional_replica_count": 1,
                "storage_account_type": "Standard_LRS"
              }
            ],
            "timeouts": null
          },
          "sensitive_attributes": [],
          "private": "eyJlMmJmYjczMC1lY2FhLTExZTYtOGY4OC0zNDM2M2JjN2M0YzAiOnsiY3JlYXRlIjoxODAwMDAwMDAwMDAwLCJkZWxldGUiOjE4MDAwMDAwMDAwMDAsInJlYWQiOjMwMDAwMDAwMDAwMCwidXBkYXRlIjoxODAwMDAwMDAwMDAwfX0=",
          "dependencies": [
            "azurerm_resource_group.automation_resource_group",
            "azurerm_shared_image.image",
            "azurerm_shared_image_gallery.imageGallery",
            "data.azurerm_image.image",
            "null_resource.packer_runner"
          ]
        }
      ]
    },
    {
      "mode": "managed",
      "type": "null_resource",
      "name": "packer_runner",
      "provider": "provider[\"registry.terraform.io/hashicorp/null\"]",
      "instances": [
        {
          "schema_version": 0,
          "attributes": {
            "id": "1670950397136646438",
            "triggers": {
              "dir_sha1": "da39a3ee5e6b4b0d3255bfef95601890afd80709"
            }
          },
          "sensitive_attributes": [],
          "dependencies": [
            "azurerm_resource_group.automation_resource_group",
            "azurerm_shared_image.image",
            "azurerm_shared_image_gallery.imageGallery"
          ]
        }
      ]
    }
  ],
  "check_results": null
}
